// !$*UTF8*$!
{
	archiveVersion = 1;
	classes = {
	};
	objectVersion = 46;
	objects = {

/* Begin PBXBuildFile section */
		4E2576591E325E310067E982 /* planet.swift in Sources */ = {isa = PBXBuildFile; fileRef = 4E2576581E325E310067E982 /* planet.swift */; };
		4E25765B1E325E8E0067E982 /* AppScene.swift in Sources */ = {isa = PBXBuildFile; fileRef = 4E25765A1E325E8E0067E982 /* AppScene.swift */; };
		4E25765D1E325EB00067E982 /* InterfaceView.swift in Sources */ = {isa = PBXBuildFile; fileRef = 4E25765C1E325EB00067E982 /* InterfaceView.swift */; };
		4E2BAB171E25DE1200497D32 /* AppDelegate.swift in Sources */ = {isa = PBXBuildFile; fileRef = 4E2BAB161E25DE1200497D32 /* AppDelegate.swift */; };
		4E2BAB191E25DE1200497D32 /* art.scnassets in Resources */ = {isa = PBXBuildFile; fileRef = 4E2BAB181E25DE1200497D32 /* art.scnassets */; };
		4E2BAB1B1E25DE1200497D32 /* GameViewController.swift in Sources */ = {isa = PBXBuildFile; fileRef = 4E2BAB1A1E25DE1200497D32 /* GameViewController.swift */; };
		4E2BAB1E1E25DE1200497D32 /* Main.storyboard in Resources */ = {isa = PBXBuildFile; fileRef = 4E2BAB1C1E25DE1200497D32 /* Main.storyboard */; };
		4E2BAB201E25DE1200497D32 /* Assets.xcassets in Resources */ = {isa = PBXBuildFile; fileRef = 4E2BAB1F1E25DE1200497D32 /* Assets.xcassets */; };
		4E2BAB231E25DE1200497D32 /* LaunchScreen.storyboard in Resources */ = {isa = PBXBuildFile; fileRef = 4E2BAB211E25DE1200497D32 /* LaunchScreen.storyboard */; };
		4E2BAB2E1E25DE1200497D32 /* CopernicanTests.swift in Sources */ = {isa = PBXBuildFile; fileRef = 4E2BAB2D1E25DE1200497D32 /* CopernicanTests.swift */; };
		4E2BAB391E25DE1200497D32 /* CopernicanUITests.swift in Sources */ = {isa = PBXBuildFile; fileRef = 4E2BAB381E25DE1200497D32 /* CopernicanUITests.swift */; };
		4E80D3451E4AC6320040CA34 /* UIDevice.swift in Sources */ = {isa = PBXBuildFile; fileRef = 4E80D3441E4AC6320040CA34 /* UIDevice.swift */; };
/* End PBXBuildFile section */

/* Begin PBXContainerItemProxy section */
		4E2BAB2A1E25DE1200497D32 /* PBXContainerItemProxy */ = {
			isa = PBXContainerItemProxy;
			containerPortal = 4E2BAB0B1E25DE1200497D32 /* Project object */;
			proxyType = 1;
			remoteGlobalIDString = 4E2BAB121E25DE1200497D32;
			remoteInfo = Copernican;
		};
		4E2BAB351E25DE1200497D32 /* PBXContainerItemProxy */ = {
			isa = PBXContainerItemProxy;
			containerPortal = 4E2BAB0B1E25DE1200497D32 /* Project object */;
			proxyType = 1;
			remoteGlobalIDString = 4E2BAB121E25DE1200497D32;
			remoteInfo = Copernican;
		};
/* End PBXContainerItemProxy section */

/* Begin PBXFileReference section */
		4E2576581E325E310067E982 /* planet.swift */ = {isa = PBXFileReference; fileEncoding = 4; lastKnownFileType = sourcecode.swift; path = planet.swift; sourceTree = "<group>"; };
		4E25765A1E325E8E0067E982 /* AppScene.swift */ = {isa = PBXFileReference; fileEncoding = 4; lastKnownFileType = sourcecode.swift; path = AppScene.swift; sourceTree = "<group>"; };
		4E25765C1E325EB00067E982 /* InterfaceView.swift */ = {isa = PBXFileReference; fileEncoding = 4; lastKnownFileType = sourcecode.swift; path = InterfaceView.swift; sourceTree = "<group>"; };
		4E2BAB131E25DE1200497D32 /* Copernican.app */ = {isa = PBXFileReference; explicitFileType = wrapper.application; includeInIndex = 0; path = Copernican.app; sourceTree = BUILT_PRODUCTS_DIR; };
		4E2BAB161E25DE1200497D32 /* AppDelegate.swift */ = {isa = PBXFileReference; lastKnownFileType = sourcecode.swift; path = AppDelegate.swift; sourceTree = "<group>"; };
		4E2BAB181E25DE1200497D32 /* art.scnassets */ = {isa = PBXFileReference; lastKnownFileType = wrapper.scnassets; path = art.scnassets; sourceTree = "<group>"; };
		4E2BAB1A1E25DE1200497D32 /* GameViewController.swift */ = {isa = PBXFileReference; lastKnownFileType = sourcecode.swift; path = GameViewController.swift; sourceTree = "<group>"; };
		4E2BAB1D1E25DE1200497D32 /* Base */ = {isa = PBXFileReference; lastKnownFileType = file.storyboard; name = Base; path = Base.lproj/Main.storyboard; sourceTree = "<group>"; };
		4E2BAB1F1E25DE1200497D32 /* Assets.xcassets */ = {isa = PBXFileReference; lastKnownFileType = folder.assetcatalog; path = Assets.xcassets; sourceTree = "<group>"; };
		4E2BAB221E25DE1200497D32 /* Base */ = {isa = PBXFileReference; lastKnownFileType = file.storyboard; name = Base; path = Base.lproj/LaunchScreen.storyboard; sourceTree = "<group>"; };
		4E2BAB241E25DE1200497D32 /* Info.plist */ = {isa = PBXFileReference; lastKnownFileType = text.plist.xml; path = Info.plist; sourceTree = "<group>"; };
		4E2BAB291E25DE1200497D32 /* CopernicanTests.xctest */ = {isa = PBXFileReference; explicitFileType = wrapper.cfbundle; includeInIndex = 0; path = CopernicanTests.xctest; sourceTree = BUILT_PRODUCTS_DIR; };
		4E2BAB2D1E25DE1200497D32 /* CopernicanTests.swift */ = {isa = PBXFileReference; lastKnownFileType = sourcecode.swift; path = CopernicanTests.swift; sourceTree = "<group>"; };
		4E2BAB2F1E25DE1200497D32 /* Info.plist */ = {isa = PBXFileReference; lastKnownFileType = text.plist.xml; path = Info.plist; sourceTree = "<group>"; };
		4E2BAB341E25DE1200497D32 /* CopernicanUITests.xctest */ = {isa = PBXFileReference; explicitFileType = wrapper.cfbundle; includeInIndex = 0; path = CopernicanUITests.xctest; sourceTree = BUILT_PRODUCTS_DIR; };
		4E2BAB381E25DE1200497D32 /* CopernicanUITests.swift */ = {isa = PBXFileReference; lastKnownFileType = sourcecode.swift; path = CopernicanUITests.swift; sourceTree = "<group>"; };
		4E2BAB3A1E25DE1200497D32 /* Info.plist */ = {isa = PBXFileReference; lastKnownFileType = text.plist.xml; path = Info.plist; sourceTree = "<group>"; };
		4E80D3441E4AC6320040CA34 /* UIDevice.swift */ = {isa = PBXFileReference; fileEncoding = 4; lastKnownFileType = sourcecode.swift; path = UIDevice.swift; sourceTree = "<group>"; };
/* End PBXFileReference section */

/* Begin PBXFrameworksBuildPhase section */
		4E2BAB101E25DE1200497D32 /* Frameworks */ = {
			isa = PBXFrameworksBuildPhase;
			buildActionMask = 2147483647;
			files = (
			);
			runOnlyForDeploymentPostprocessing = 0;
		};
		4E2BAB261E25DE1200497D32 /* Frameworks */ = {
			isa = PBXFrameworksBuildPhase;
			buildActionMask = 2147483647;
			files = (
			);
			runOnlyForDeploymentPostprocessing = 0;
		};
		4E2BAB311E25DE1200497D32 /* Frameworks */ = {
			isa = PBXFrameworksBuildPhase;
			buildActionMask = 2147483647;
			files = (
			);
			runOnlyForDeploymentPostprocessing = 0;
		};
/* End PBXFrameworksBuildPhase section */

/* Begin PBXGroup section */
		4E2BAB0A1E25DE1200497D32 = {
			isa = PBXGroup;
			children = (
				4E2BAB151E25DE1200497D32 /* Copernican */,
				4E2BAB2C1E25DE1200497D32 /* CopernicanTests */,
				4E2BAB371E25DE1200497D32 /* CopernicanUITests */,
				4E2BAB141E25DE1200497D32 /* Products */,
			);
			sourceTree = "<group>";
		};
		4E2BAB141E25DE1200497D32 /* Products */ = {
			isa = PBXGroup;
			children = (
				4E2BAB131E25DE1200497D32 /* Copernican.app */,
				4E2BAB291E25DE1200497D32 /* CopernicanTests.xctest */,
				4E2BAB341E25DE1200497D32 /* CopernicanUITests.xctest */,
			);
			name = Products;
			sourceTree = "<group>";
		};
		4E2BAB151E25DE1200497D32 /* Copernican */ = {
			isa = PBXGroup;
			children = (
				4E2BAB161E25DE1200497D32 /* AppDelegate.swift */,
				4E2BAB181E25DE1200497D32 /* art.scnassets */,
				4E2BAB1A1E25DE1200497D32 /* GameViewController.swift */,
				4E80D3441E4AC6320040CA34 /* UIDevice.swift */,
				4E25765A1E325E8E0067E982 /* AppScene.swift */,
				4E25765C1E325EB00067E982 /* InterfaceView.swift */,
				4E2576581E325E310067E982 /* planet.swift */,
				4E2BAB1C1E25DE1200497D32 /* Main.storyboard */,
				4E2BAB1F1E25DE1200497D32 /* Assets.xcassets */,
				4E2BAB211E25DE1200497D32 /* LaunchScreen.storyboard */,
				4E2BAB241E25DE1200497D32 /* Info.plist */,
			);
			path = Copernican;
			sourceTree = "<group>";
		};
		4E2BAB2C1E25DE1200497D32 /* CopernicanTests */ = {
			isa = PBXGroup;
			children = (
				4E2BAB2D1E25DE1200497D32 /* CopernicanTests.swift */,
				4E2BAB2F1E25DE1200497D32 /* Info.plist */,
			);
			path = CopernicanTests;
			sourceTree = "<group>";
		};
		4E2BAB371E25DE1200497D32 /* CopernicanUITests */ = {
			isa = PBXGroup;
			children = (
				4E2BAB381E25DE1200497D32 /* CopernicanUITests.swift */,
				4E2BAB3A1E25DE1200497D32 /* Info.plist */,
			);
			path = CopernicanUITests;
			sourceTree = "<group>";
		};
/* End PBXGroup section */

/* Begin PBXNativeTarget section */
		4E2BAB121E25DE1200497D32 /* Copernican */ = {
			isa = PBXNativeTarget;
			buildConfigurationList = 4E2BAB3D1E25DE1200497D32 /* Build configuration list for PBXNativeTarget "Copernican" */;
			buildPhases = (
				4E2BAB0F1E25DE1200497D32 /* Sources */,
				4E2BAB101E25DE1200497D32 /* Frameworks */,
				4E2BAB111E25DE1200497D32 /* Resources */,
			);
			buildRules = (
			);
			dependencies = (
			);
			name = Copernican;
			productName = Copernican;
			productReference = 4E2BAB131E25DE1200497D32 /* Copernican.app */;
			productType = "com.apple.product-type.application";
		};
		4E2BAB281E25DE1200497D32 /* CopernicanTests */ = {
			isa = PBXNativeTarget;
			buildConfigurationList = 4E2BAB401E25DE1200497D32 /* Build configuration list for PBXNativeTarget "CopernicanTests" */;
			buildPhases = (
				4E2BAB251E25DE1200497D32 /* Sources */,
				4E2BAB261E25DE1200497D32 /* Frameworks */,
				4E2BAB271E25DE1200497D32 /* Resources */,
			);
			buildRules = (
			);
			dependencies = (
				4E2BAB2B1E25DE1200497D32 /* PBXTargetDependency */,
			);
			name = CopernicanTests;
			productName = CopernicanTests;
			productReference = 4E2BAB291E25DE1200497D32 /* CopernicanTests.xctest */;
			productType = "com.apple.product-type.bundle.unit-test";
		};
		4E2BAB331E25DE1200497D32 /* CopernicanUITests */ = {
			isa = PBXNativeTarget;
			buildConfigurationList = 4E2BAB431E25DE1200497D32 /* Build configuration list for PBXNativeTarget "CopernicanUITests" */;
			buildPhases = (
				4E2BAB301E25DE1200497D32 /* Sources */,
				4E2BAB311E25DE1200497D32 /* Frameworks */,
				4E2BAB321E25DE1200497D32 /* Resources */,
			);
			buildRules = (
			);
			dependencies = (
				4E2BAB361E25DE1200497D32 /* PBXTargetDependency */,
			);
			name = CopernicanUITests;
			productName = CopernicanUITests;
			productReference = 4E2BAB341E25DE1200497D32 /* CopernicanUITests.xctest */;
			productType = "com.apple.product-type.bundle.ui-testing";
		};
/* End PBXNativeTarget section */

/* Begin PBXProject section */
		4E2BAB0B1E25DE1200497D32 /* Project object */ = {
			isa = PBXProject;
			attributes = {
				KnownAssetTags = (
					New,
				);
				LastSwiftUpdateCheck = 0820;
				LastUpgradeCheck = 0820;
				ORGANIZATIONNAME = "Timur Guler";
				TargetAttributes = {
					4E2BAB121E25DE1200497D32 = {
						CreatedOnToolsVersion = 8.2.1;
						DevelopmentTeam = 3SJR6J7E74;
						ProvisioningStyle = Automatic;
					};
					4E2BAB281E25DE1200497D32 = {
						CreatedOnToolsVersion = 8.2.1;
						ProvisioningStyle = Automatic;
						TestTargetID = 4E2BAB121E25DE1200497D32;
					};
					4E2BAB331E25DE1200497D32 = {
						CreatedOnToolsVersion = 8.2.1;
						ProvisioningStyle = Automatic;
						TestTargetID = 4E2BAB121E25DE1200497D32;
					};
				};
			};
			buildConfigurationList = 4E2BAB0E1E25DE1200497D32 /* Build configuration list for PBXProject "Copernican" */;
			compatibilityVersion = "Xcode 3.2";
			developmentRegion = English;
			hasScannedForEncodings = 0;
			knownRegions = (
				en,
				Base,
			);
			mainGroup = 4E2BAB0A1E25DE1200497D32;
			productRefGroup = 4E2BAB141E25DE1200497D32 /* Products */;
			projectDirPath = "";
			projectRoot = "";
			targets = (
				4E2BAB121E25DE1200497D32 /* Copernican */,
				4E2BAB281E25DE1200497D32 /* CopernicanTests */,
				4E2BAB331E25DE1200497D32 /* CopernicanUITests */,
			);
		};
/* End PBXProject section */

/* Begin PBXResourcesBuildPhase section */
		4E2BAB111E25DE1200497D32 /* Resources */ = {
			isa = PBXResourcesBuildPhase;
			buildActionMask = 2147483647;
			files = (
				4E2BAB191E25DE1200497D32 /* art.scnassets in Resources */,
				4E2BAB231E25DE1200497D32 /* LaunchScreen.storyboard in Resources */,
				4E2BAB201E25DE1200497D32 /* Assets.xcassets in Resources */,
				4E2BAB1E1E25DE1200497D32 /* Main.storyboard in Resources */,
			);
			runOnlyForDeploymentPostprocessing = 0;
		};
		4E2BAB271E25DE1200497D32 /* Resources */ = {
			isa = PBXResourcesBuildPhase;
			buildActionMask = 2147483647;
			files = (
			);
			runOnlyForDeploymentPostprocessing = 0;
		};
		4E2BAB321E25DE1200497D32 /* Resources */ = {
			isa = PBXResourcesBuildPhase;
			buildActionMask = 2147483647;
			files = (
			);
			runOnlyForDeploymentPostprocessing = 0;
		};
/* End PBXResourcesBuildPhase section */

/* Begin PBXSourcesBuildPhase section */
		4E2BAB0F1E25DE1200497D32 /* Sources */ = {
			isa = PBXSourcesBuildPhase;
			buildActionMask = 2147483647;
			files = (
				4E25765D1E325EB00067E982 /* InterfaceView.swift in Sources */,
				4E80D3451E4AC6320040CA34 /* UIDevice.swift in Sources */,
				4E25765B1E325E8E0067E982 /* AppScene.swift in Sources */,
				4E2BAB1B1E25DE1200497D32 /* GameViewController.swift in Sources */,
				4E2576591E325E310067E982 /* planet.swift in Sources */,
				4E2BAB171E25DE1200497D32 /* AppDelegate.swift in Sources */,
			);
			runOnlyForDeploymentPostprocessing = 0;
		};
		4E2BAB251E25DE1200497D32 /* Sources */ = {
			isa = PBXSourcesBuildPhase;
			buildActionMask = 2147483647;
			files = (
				4E2BAB2E1E25DE1200497D32 /* CopernicanTests.swift in Sources */,
			);
			runOnlyForDeploymentPostprocessing = 0;
		};
		4E2BAB301E25DE1200497D32 /* Sources */ = {
			isa = PBXSourcesBuildPhase;
			buildActionMask = 2147483647;
			files = (
				4E2BAB391E25DE1200497D32 /* CopernicanUITests.swift in Sources */,
			);
			runOnlyForDeploymentPostprocessing = 0;
		};
/* End PBXSourcesBuildPhase section */

/* Begin PBXTargetDependency section */
		4E2BAB2B1E25DE1200497D32 /* PBXTargetDependency */ = {
			isa = PBXTargetDependency;
			target = 4E2BAB121E25DE1200497D32 /* Copernican */;
			targetProxy = 4E2BAB2A1E25DE1200497D32 /* PBXContainerItemProxy */;
		};
		4E2BAB361E25DE1200497D32 /* PBXTargetDependency */ = {
			isa = PBXTargetDependency;
			target = 4E2BAB121E25DE1200497D32 /* Copernican */;
			targetProxy = 4E2BAB351E25DE1200497D32 /* PBXContainerItemProxy */;
		};
/* End PBXTargetDependency section */

/* Begin PBXVariantGroup section */
		4E2BAB1C1E25DE1200497D32 /* Main.storyboard */ = {
			isa = PBXVariantGroup;
			children = (
				4E2BAB1D1E25DE1200497D32 /* Base */,
			);
			name = Main.storyboard;
			sourceTree = "<group>";
		};
		4E2BAB211E25DE1200497D32 /* LaunchScreen.storyboard */ = {
			isa = PBXVariantGroup;
			children = (
				4E2BAB221E25DE1200497D32 /* Base */,
			);
			name = LaunchScreen.storyboard;
			sourceTree = "<group>";
		};
/* End PBXVariantGroup section */

/* Begin XCBuildConfiguration section */
		4E2BAB3B1E25DE1200497D32 /* Debug */ = {
			isa = XCBuildConfiguration;
			buildSettings = {
				ALWAYS_SEARCH_USER_PATHS = NO;
				CLANG_ANALYZER_NONNULL = YES;
				CLANG_CXX_LANGUAGE_STANDARD = "gnu++0x";
				CLANG_CXX_LIBRARY = "libc++";
				CLANG_ENABLE_MODULES = YES;
				CLANG_ENABLE_OBJC_ARC = YES;
				CLANG_WARN_BOOL_CONVERSION = YES;
				CLANG_WARN_CONSTANT_CONVERSION = YES;
				CLANG_WARN_DIRECT_OBJC_ISA_USAGE = YES_ERROR;
				CLANG_WARN_DOCUMENTATION_COMMENTS = YES;
				CLANG_WARN_EMPTY_BODY = YES;
				CLANG_WARN_ENUM_CONVERSION = YES;
				CLANG_WARN_INFINITE_RECURSION = YES;
				CLANG_WARN_INT_CONVERSION = YES;
				CLANG_WARN_OBJC_ROOT_CLASS = YES_ERROR;
				CLANG_WARN_SUSPICIOUS_MOVE = YES;
				CLANG_WARN_UNREACHABLE_CODE = YES;
				CLANG_WARN__DUPLICATE_METHOD_MATCH = YES;
				"CODE_SIGN_IDENTITY[sdk=iphoneos*]" = "iPhone Developer";
				COPY_PHASE_STRIP = NO;
				DEBUG_INFORMATION_FORMAT = dwarf;
				ENABLE_STRICT_OBJC_MSGSEND = YES;
				ENABLE_TESTABILITY = YES;
				GCC_C_LANGUAGE_STANDARD = gnu99;
				GCC_DYNAMIC_NO_PIC = NO;
				GCC_NO_COMMON_BLOCKS = YES;
				GCC_OPTIMIZATION_LEVEL = 0;
				GCC_PREPROCESSOR_DEFINITIONS = (
					"DEBUG=1",
					"$(inherited)",
				);
				GCC_WARN_64_TO_32_BIT_CONVERSION = YES;
				GCC_WARN_ABOUT_RETURN_TYPE = YES_ERROR;
				GCC_WARN_UNDECLARED_SELECTOR = YES;
				GCC_WARN_UNINITIALIZED_AUTOS = YES_AGGRESSIVE;
				GCC_WARN_UNUSED_FUNCTION = YES;
				GCC_WARN_UNUSED_VARIABLE = YES;
				IPHONEOS_DEPLOYMENT_TARGET = 10.2;
				MTL_ENABLE_DEBUG_INFO = YES;
				ONLY_ACTIVE_ARCH = YES;
				SDKROOT = iphoneos;
				SWIFT_ACTIVE_COMPILATION_CONDITIONS = DEBUG;
				SWIFT_OPTIMIZATION_LEVEL = "-Onone";
				TARGETED_DEVICE_FAMILY = "1,2";
			};
			name = Debug;
		};
		4E2BAB3C1E25DE1200497D32 /* Release */ = {
			isa = XCBuildConfiguration;
			buildSettings = {
				ALWAYS_SEARCH_USER_PATHS = NO;
				CLANG_ANALYZER_NONNULL = YES;
				CLANG_CXX_LANGUAGE_STANDARD = "gnu++0x";
				CLANG_CXX_LIBRARY = "libc++";
				CLANG_ENABLE_MODULES = YES;
				CLANG_ENABLE_OBJC_ARC = YES;
				CLANG_WARN_BOOL_CONVERSION = YES;
				CLANG_WARN_CONSTANT_CONVERSION = YES;
				CLANG_WARN_DIRECT_OBJC_ISA_USAGE = YES_ERROR;
				CLANG_WARN_DOCUMENTATION_COMMENTS = YES;
				CLANG_WARN_EMPTY_BODY = YES;
				CLANG_WARN_ENUM_CONVERSION = YES;
				CLANG_WARN_INFINITE_RECURSION = YES;
				CLANG_WARN_INT_CONVERSION = YES;
				CLANG_WARN_OBJC_ROOT_CLASS = YES_ERROR;
				CLANG_WARN_SUSPICIOUS_MOVE = YES;
				CLANG_WARN_UNREACHABLE_CODE = YES;
				CLANG_WARN__DUPLICATE_METHOD_MATCH = YES;
				"CODE_SIGN_IDENTITY[sdk=iphoneos*]" = "iPhone Developer";
				COPY_PHASE_STRIP = NO;
				DEBUG_INFORMATION_FORMAT = "dwarf-with-dsym";
				ENABLE_NS_ASSERTIONS = NO;
				ENABLE_STRICT_OBJC_MSGSEND = YES;
				GCC_C_LANGUAGE_STANDARD = gnu99;
				GCC_NO_COMMON_BLOCKS = YES;
				GCC_WARN_64_TO_32_BIT_CONVERSION = YES;
				GCC_WARN_ABOUT_RETURN_TYPE = YES_ERROR;
				GCC_WARN_UNDECLARED_SELECTOR = YES;
				GCC_WARN_UNINITIALIZED_AUTOS = YES_AGGRESSIVE;
				GCC_WARN_UNUSED_FUNCTION = YES;
				GCC_WARN_UNUSED_VARIABLE = YES;
				IPHONEOS_DEPLOYMENT_TARGET = 10.2;
				MTL_ENABLE_DEBUG_INFO = NO;
				SDKROOT = iphoneos;
				SWIFT_OPTIMIZATION_LEVEL = "-Owholemodule";
				TARGETED_DEVICE_FAMILY = "1,2";
				VALIDATE_PRODUCT = YES;
			};
			name = Release;
		};
		4E2BAB3E1E25DE1200497D32 /* Debug */ = {
			isa = XCBuildConfiguration;
			buildSettings = {
				ASSETCATALOG_COMPILER_APPICON_NAME = AppIcon;
				CODE_SIGN_IDENTITY = "iPhone Developer";
				"CODE_SIGN_IDENTITY[sdk=iphoneos*]" = "iPhone Developer";
				DEVELOPMENT_TEAM = 3SJR6J7E74;
				INFOPLIST_FILE = Copernican/Info.plist;
				IPHONEOS_DEPLOYMENT_TARGET = 8.0;
				LD_RUNPATH_SEARCH_PATHS = "$(inherited) @executable_path/Frameworks";
				PRODUCT_BUNDLE_IDENTIFIER = Utilities.Copernican;
				PRODUCT_NAME = "$(TARGET_NAME)";
				SWIFT_VERSION = 3.0;
				TARGETED_DEVICE_FAMILY = "1,2";
			};
			name = Debug;
		};
		4E2BAB3F1E25DE1200497D32 /* Release */ = {
			isa = XCBuildConfiguration;
			buildSettings = {
				ASSETCATALOG_COMPILER_APPICON_NAME = AppIcon;
				CODE_SIGN_IDENTITY = "iPhone Developer";
				"CODE_SIGN_IDENTITY[sdk=iphoneos*]" = "iPhone Developer";
				DEVELOPMENT_TEAM = 3SJR6J7E74;
				INFOPLIST_FILE = Copernican/Info.plist;
				IPHONEOS_DEPLOYMENT_TARGET = 8.0;
				LD_RUNPATH_SEARCH_PATHS = "$(inherited) @executable_path/Frameworks";
				PRODUCT_BUNDLE_IDENTIFIER = Utilities.Copernican;
				PRODUCT_NAME = "$(TARGET_NAME)";
				SWIFT_VERSION = 3.0;
				TARGETED_DEVICE_FAMILY = "1,2";
			};
			name = Release;
		};
		4E2BAB411E25DE1200497D32 /* Debug */ = {
			isa = XCBuildConfiguration;
			buildSettings = {
				ALWAYS_EMBED_SWIFT_STANDARD_LIBRARIES = YES;
				BUNDLE_LOADER = "$(TEST_HOST)";
				INFOPLIST_FILE = CopernicanTests/Info.plist;
				LD_RUNPATH_SEARCH_PATHS = "$(inherited) @executable_path/Frameworks @loader_path/Frameworks";
				PRODUCT_BUNDLE_IDENTIFIER = Utilities.CopernicanTests;
				PRODUCT_NAME = "$(TARGET_NAME)";
				SWIFT_VERSION = 3.0;
				TEST_HOST = "$(BUILT_PRODUCTS_DIR)/Copernican.app/Copernican";
			};
			name = Debug;
		};
		4E2BAB421E25DE1200497D32 /* Release */ = {
			isa = XCBuildConfiguration;
			buildSettings = {
				ALWAYS_EMBED_SWIFT_STANDARD_LIBRARIES = YES;
				BUNDLE_LOADER = "$(TEST_HOST)";
				INFOPLIST_FILE = CopernicanTests/Info.plist;
				LD_RUNPATH_SEARCH_PATHS = "$(inherited) @executable_path/Frameworks @loader_path/Frameworks";
				PRODUCT_BUNDLE_IDENTIFIER = Utilities.CopernicanTests;
				PRODUCT_NAME = "$(TARGET_NAME)";
				SWIFT_VERSION = 3.0;
				TEST_HOST = "$(BUILT_PRODUCTS_DIR)/Copernican.app/Copernican";
			};
			name = Release;
		};
		4E2BAB441E25DE1200497D32 /* Debug */ = {
			isa = XCBuildConfiguration;
			buildSettings = {
				ALWAYS_EMBED_SWIFT_STANDARD_LIBRARIES = YES;
				INFOPLIST_FILE = CopernicanUITests/Info.plist;
				LD_RUNPATH_SEARCH_PATHS = "$(inherited) @executable_path/Frameworks @loader_path/Frameworks";
				PRODUCT_BUNDLE_IDENTIFIER = Utilities.CopernicanUITests;
				PRODUCT_NAME = "$(TARGET_NAME)";
				SWIFT_VERSION = 3.0;
				TEST_TARGET_NAME = Copernican;
			};
			name = Debug;
		};
		4E2BAB451E25DE1200497D32 /* Release */ = {
			isa = XCBuildConfiguration;
			buildSettings = {
				ALWAYS_EMBED_SWIFT_STANDARD_LIBRARIES = YES;
				INFOPLIST_FILE = CopernicanUITests/Info.plist;
				LD_RUNPATH_SEARCH_PATHS = "$(inherited) @executable_path/Frameworks @loader_path/Frameworks";
				PRODUCT_BUNDLE_IDENTIFIER = Utilities.CopernicanUITests;
				PRODUCT_NAME = "$(TARGET_NAME)";
				SWIFT_VERSION = 3.0;
				TEST_TARGET_NAME = Copernican;
			};
			name = Release;
		};
/* End XCBuildConfiguration section */

/* Begin XCConfigurationList section */
		4E2BAB0E1E25DE1200497D32 /* Build configuration list for PBXProject "Copernican" */ = {
			isa = XCConfigurationList;
			buildConfigurations = (
				4E2BAB3B1E25DE1200497D32 /* Debug */,
				4E2BAB3C1E25DE1200497D32 /* Release */,
			);
			defaultConfigurationIsVisible = 0;
			defaultConfigurationName = Release;
		};
		4E2BAB3D1E25DE1200497D32 /* Build configuration list for PBXNativeTarget "Copernican" */ = {
			isa = XCConfigurationList;
			buildConfigurations = (
				4E2BAB3E1E25DE1200497D32 /* Debug */,
				4E2BAB3F1E25DE1200497D32 /* Release */,
			);
			defaultConfigurationIsVisible = 0;
			defaultConfigurationName = Release;
		};
		4E2BAB401E25DE1200497D32 /* Build configuration list for PBXNativeTarget "CopernicanTests" */ = {
			isa = XCConfigurationList;
			buildConfigurations = (
				4E2BAB411E25DE1200497D32 /* Debug */,
				4E2BAB421E25DE1200497D32 /* Release */,
			);
			defaultConfigurationIsVisible = 0;
			defaultConfigurationName = Release;
		};
		4E2BAB431E25DE1200497D32 /* Build configuration list for PBXNativeTarget "CopernicanUITests" */ = {
			isa = XCConfigurationList;
			buildConfigurations = (
				4E2BAB441E25DE1200497D32 /* Debug */,
				4E2BAB451E25DE1200497D32 /* Release */,
			);
			defaultConfigurationIsVisible = 0;
			defaultConfigurationName = Release;
		};
/* End XCConfigurationList section */
	};
	rootObject = 4E2BAB0B1E25DE1200497D32 /* Project object */;
}
